{
  "nodes": {
    "nixpkgs": {
      "locked": {
        "lastModified": 1658311025,
        "narHash": "sha256-GqagY5YmaZB3YaO41kKcQhe5RcpS83wnsW8iCu5Znqo=",
        "owner": "NixOS",
        "repo": "nixpkgs",
        "rev": "cd8d1784506a7c7eb0796772b73437e0b82fad57",
        "type": "github"
      },
      "original": {
        "owner": "NixOS",
        "ref": "nixpkgs-unstable",
        "repo": "nixpkgs",
        "type": "github"
      }
    },
    "root": {
      "inputs": {
        "nixpkgs": "nixpkgs"
      }
    }
  },
  "root": "root",
  "version": 7
}
